
Microsoft Visual Studio Solution File, Format Version 12.00
# Visual Studio Version 16
VisualStudioVersion = 16.0.30114.105
MinimumVisualStudioVersion = 10.0.40219.1
Project("{9A19103F-16F7-4668-BE54-9A1E7A4F7556}") = "WebStore", "WebStore\WebStore.csproj", "{6927DAAC-EF89-4887-8CDC-9C566BCF6E05}"
EndProject
Project("{9A19103F-16F7-4668-BE54-9A1E7A4F7556}") = "WebStore.Domain", "WebStore.Domain\WebStore.Domain.csproj", "{FD4A304E-BEBF-4CE4-B49A-B728604D5934}"
EndProject
Project("{FAE04EC0-301F-11D3-BF4B-00C04F79EFBC}") = "WebStore.DAL", "WebStore.DAL\WebStore.DAL.csproj", "{F392F629-9C5D-4823-BBF8-383D955BC8D8}"
EndProject
Global
	GlobalSection(SolutionConfigurationPlatforms) = preSolution
		Debug|Any CPU = Debug|Any CPU
		Release|Any CPU = Release|Any CPU
	EndGlobalSection
	GlobalSection(ProjectConfigurationPlatforms) = postSolution
		{6927DAAC-EF89-4887-8CDC-9C566BCF6E05}.Debug|Any CPU.ActiveCfg = Debug|Any CPU
		{6927DAAC-EF89-4887-8CDC-9C566BCF6E05}.Debug|Any CPU.Build.0 = Debug|Any CPU
		{6927DAAC-EF89-4887-8CDC-9C566BCF6E05}.Release|Any CPU.ActiveCfg = Release|Any CPU
		{6927DAAC-EF89-4887-8CDC-9C566BCF6E05}.Release|Any CPU.Build.0 = Release|Any CPU
		{FD4A304E-BEBF-4CE4-B49A-B728604D5934}.Debug|Any CPU.ActiveCfg = Debug|Any CPU
		{FD4A304E-BEBF-4CE4-B49A-B728604D5934}.Debug|Any CPU.Build.0 = Debug|Any CPU
		{FD4A304E-BEBF-4CE4-B49A-B728604D5934}.Release|Any CPU.ActiveCfg = Release|Any CPU
		{FD4A304E-BEBF-4CE4-B49A-B728604D5934}.Release|Any CPU.Build.0 = Release|Any CPU
		{F392F629-9C5D-4823-BBF8-383D955BC8D8}.Debug|Any CPU.ActiveCfg = Debug|Any CPU
		{F392F629-9C5D-4823-BBF8-383D955BC8D8}.Debug|Any CPU.Build.0 = Debug|Any CPU
		{F392F629-9C5D-4823-BBF8-383D955BC8D8}.Release|Any CPU.ActiveCfg = Release|Any CPU
		{F392F629-9C5D-4823-BBF8-383D955BC8D8}.Release|Any CPU.Build.0 = Release|Any CPU
	EndGlobalSection
	GlobalSection(SolutionProperties) = preSolution
		HideSolutionNode = FALSE
	EndGlobalSection
	GlobalSection(ExtensibilityGlobals) = postSolution
		SolutionGuid = {E0EF1844-9BEA-49CF-9657-912B26E1D559}
	EndGlobalSection
EndGlobal
